
Microsoft Visual Studio Solution File, Format Version 12.00
# Visual Studio Version 17
VisualStudioVersion = 17.9.34616.47
MinimumVisualStudioVersion = 10.0.40219.1
Project("{9A19103F-16F7-4668-BE54-9A1E7A4F7556}") = "EsMacchineAgricole", "EsMacchineAgricole\EsMacchineAgricole.csproj", "{39EC197A-926C-4AFD-860D-2AAB8FE1ED98}"
EndProject
Global
	GlobalSection(SolutionConfigurationPlatforms) = preSolution
		Debug|Any CPU = Debug|Any CPU
		Release|Any CPU = Release|Any CPU
	EndGlobalSection
	GlobalSection(ProjectConfigurationPlatforms) = postSolution
		{39EC197A-926C-4AFD-860D-2AAB8FE1ED98}.Debug|Any CPU.ActiveCfg = Debug|Any CPU
		{39EC197A-926C-4AFD-860D-2AAB8FE1ED98}.Debug|Any CPU.Build.0 = Debug|Any CPU
		{39EC197A-926C-4AFD-860D-2AAB8FE1ED98}.Release|Any CPU.ActiveCfg = Release|Any CPU
		{39EC197A-926C-4AFD-860D-2AAB8FE1ED98}.Release|Any CPU.Build.0 = Release|Any CPU
	EndGlobalSection
	GlobalSection(SolutionProperties) = preSolution
		HideSolutionNode = FALSE
	EndGlobalSection
	GlobalSection(ExtensibilityGlobals) = postSolution
		SolutionGuid = {8185467C-F0E5-4991-A79F-96F9B73E1735}
	EndGlobalSection
EndGlobal
